# Generated by Dagger. Pins the images and git refs this workspace uses.
# Any Dagger command may update this file; always commit it with your changes.
# Run `dagger workspace update` to refresh the pinned versions.
[["version","2"]]
["","git-latest",["github.com/dagger/go"],"refs/heads/main"]
["","git-latest",["github.com/dagger/golangci-lint"],"refs/heads/main"]
["","git-sha",["github.com/dagger/go","refs/heads/main"],"268add4dcda12decd135ffba51a5dcd1cd00c74c"]
["","git-sha",["github.com/dagger/golangci-lint","refs/heads/main"],"f134a34405e2ea5a7da4e19cf6426b8e896d4b34"]
["","vanity-url",["https://dagger.io/go"],"https://github.com/dagger/go"]